
Microsoft Visual Studio Solution File, Format Version 12.00
# Visual Studio Version 17
VisualStudioVersion = 17.9.34622.214
MinimumVisualStudioVersion = 10.0.40219.1
Project("{FAE04EC0-301F-11D3-BF4B-00C04F79EFBC}") = "mockinterviewbackend", "mockinterviewbackend\mockinterviewbackend.csproj", "{08D9C8DD-421D-44D3-83F6-C184C4FA7316}"
EndProject
Project("{FAE04EC0-301F-11D3-BF4B-00C04F79EFBC}") = "mockinterview.core", "mockinterview.core\mockinterview.core.csproj", "{B98D3D0A-1D15-44DE-B87E-25C37F193E83}"
EndProject
Project("{FAE04EC0-301F-11D3-BF4B-00C04F79EFBC}") = "mockinterview.infrastructure", "mockinterview.infrastructure\mockinterview.infrastructure.csproj", "{00EAD0CE-2886-45DA-B375-9E021EB052DC}"
EndProject
Project("{00D1A9C2-B5F0-4AF3-8072-F6C62B433612}") = "mockinterviewDB", "mockinterviewDB\mockinterviewDB.sqlproj", "{26878489-B031-4666-BCF7-F0F497804530}"
EndProject
Global
	GlobalSection(SolutionConfigurationPlatforms) = preSolution
		Debug|Any CPU = Debug|Any CPU
		Release|Any CPU = Release|Any CPU
	EndGlobalSection
	GlobalSection(ProjectConfigurationPlatforms) = postSolution
		{08D9C8DD-421D-44D3-83F6-C184C4FA7316}.Debug|Any CPU.ActiveCfg = Debug|Any CPU
		{08D9C8DD-421D-44D3-83F6-C184C4FA7316}.Debug|Any CPU.Build.0 = Debug|Any CPU
		{08D9C8DD-421D-44D3-83F6-C184C4FA7316}.Release|Any CPU.ActiveCfg = Release|Any CPU
		{08D9C8DD-421D-44D3-83F6-C184C4FA7316}.Release|Any CPU.Build.0 = Release|Any CPU
		{B98D3D0A-1D15-44DE-B87E-25C37F193E83}.Debug|Any CPU.ActiveCfg = Debug|Any CPU
		{B98D3D0A-1D15-44DE-B87E-25C37F193E83}.Debug|Any CPU.Build.0 = Debug|Any CPU
		{B98D3D0A-1D15-44DE-B87E-25C37F193E83}.Release|Any CPU.ActiveCfg = Release|Any CPU
		{B98D3D0A-1D15-44DE-B87E-25C37F193E83}.Release|Any CPU.Build.0 = Release|Any CPU
		{00EAD0CE-2886-45DA-B375-9E021EB052DC}.Debug|Any CPU.ActiveCfg = Debug|Any CPU
		{00EAD0CE-2886-45DA-B375-9E021EB052DC}.Debug|Any CPU.Build.0 = Debug|Any CPU
		{00EAD0CE-2886-45DA-B375-9E021EB052DC}.Release|Any CPU.ActiveCfg = Release|Any CPU
		{00EAD0CE-2886-45DA-B375-9E021EB052DC}.Release|Any CPU.Build.0 = Release|Any CPU
		{26878489-B031-4666-BCF7-F0F497804530}.Debug|Any CPU.ActiveCfg = Debug|Any CPU
		{26878489-B031-4666-BCF7-F0F497804530}.Debug|Any CPU.Build.0 = Debug|Any CPU
		{26878489-B031-4666-BCF7-F0F497804530}.Debug|Any CPU.Deploy.0 = Debug|Any CPU
		{26878489-B031-4666-BCF7-F0F497804530}.Release|Any CPU.ActiveCfg = Release|Any CPU
		{26878489-B031-4666-BCF7-F0F497804530}.Release|Any CPU.Build.0 = Release|Any CPU
		{26878489-B031-4666-BCF7-F0F497804530}.Release|Any CPU.Deploy.0 = Release|Any CPU
	EndGlobalSection
	GlobalSection(SolutionProperties) = preSolution
		HideSolutionNode = FALSE
	EndGlobalSection
	GlobalSection(ExtensibilityGlobals) = postSolution
		SolutionGuid = {51D498D6-27EE-48FC-BA1A-8EED638C674D}
	EndGlobalSection
EndGlobal
